// !$*UTF8*$!
{
	archiveVersion = 1;
	classes = {
	};
	objectVersion = 46;
	objects = {

/* Begin PBXBuildFile section */
		2D6AFE441C34BB9B006AB030 /* AppDelegate.swift in Sources */ = {isa = PBXBuildFile; fileRef = 2D6AFE431C34BB9B006AB030 /* AppDelegate.swift */; };
		2D6AFE501C34BBF2006AB030 /* LaunchScreen.storyboard in Resources */ = {isa = PBXBuildFile; fileRef = 2D6AFE4C1C34BBF2006AB030 /* LaunchScreen.storyboard */; };
		2D6AFE511C34BBF2006AB030 /* Main.storyboard in Resources */ = {isa = PBXBuildFile; fileRef = 2D6AFE4E1C34BBF2006AB030 /* Main.storyboard */; };
		2D6AFE591C34BC12006AB030 /* Info.plist in Resources */ = {isa = PBXBuildFile; fileRef = 2D6AFE561C34BC12006AB030 /* Info.plist */; };
		2D6AFE5A1C34BC12006AB030 /* Telecom.xcdatamodeld in Sources */ = {isa = PBXBuildFile; fileRef = 2D6AFE571C34BC12006AB030 /* Telecom.xcdatamodeld */; };
		2DA8CCDE1C212BBA002343EB /* Assets.xcassets in Resources */ = {isa = PBXBuildFile; fileRef = 2DA8CCDD1C212BBA002343EB /* Assets.xcassets */; };
		2DA8CCEC1C212BBB002343EB /* TelecomTests.swift in Sources */ = {isa = PBXBuildFile; fileRef = 2DA8CCEB1C212BBB002343EB /* TelecomTests.swift */; };
		2DA8CCF71C212BBB002343EB /* TelecomUITests.swift in Sources */ = {isa = PBXBuildFile; fileRef = 2DA8CCF61C212BBB002343EB /* TelecomUITests.swift */; };
		2DA8CD0A1C21327C002343EB /* 登陆界面320-480.png in Resources */ = {isa = PBXBuildFile; fileRef = 2DA8CD051C21327C002343EB /* 登陆界面320-480.png */; };
		2DA8CD0B1C21327C002343EB /* 登陆界面5.25-1.png in Resources */ = {isa = PBXBuildFile; fileRef = 2DA8CD061C21327C002343EB /* 登陆界面5.25-1.png */; };
		2DA8CD0C1C21327C002343EB /* 登陆界面5.25.png in Resources */ = {isa = PBXBuildFile; fileRef = 2DA8CD071C21327C002343EB /* 登陆界面5.25.png */; };
		2DA8CD0D1C21327C002343EB /* 登陆界面640-960-1.png in Resources */ = {isa = PBXBuildFile; fileRef = 2DA8CD081C21327C002343EB /* 登陆界面640-960-1.png */; };
		2DA8CD0E1C21327C002343EB /* 登陆界面640-960.png in Resources */ = {isa = PBXBuildFile; fileRef = 2DA8CD091C21327C002343EB /* 登陆界面640-960.png */; };
/* End PBXBuildFile section */

/* Begin PBXContainerItemProxy section */
		2DA8CCE81C212BBB002343EB /* PBXContainerItemProxy */ = {
			isa = PBXContainerItemProxy;
			containerPortal = 2DA8CCC81C212BBA002343EB /* Project object */;
			proxyType = 1;
			remoteGlobalIDString = 2DA8CCCF1C212BBA002343EB;
			remoteInfo = Telecom;
		};
		2DA8CCF31C212BBB002343EB /* PBXContainerItemProxy */ = {
			isa = PBXContainerItemProxy;
			containerPortal = 2DA8CCC81C212BBA002343EB /* Project object */;
			proxyType = 1;
			remoteGlobalIDString = 2DA8CCCF1C212BBA002343EB;
			remoteInfo = Telecom;
		};
/* End PBXContainerItemProxy section */

/* Begin PBXFileReference section */
		2D6AFE431C34BB9B006AB030 /* AppDelegate.swift */ = {isa = PBXFileReference; fileEncoding = 4; lastKnownFileType = sourcecode.swift; path = AppDelegate.swift; sourceTree = "<group>"; };
		2D6AFE4D1C34BBF2006AB030 /* Base */ = {isa = PBXFileReference; lastKnownFileType = file.storyboard; name = Base; path = Base.lproj/LaunchScreen.storyboard; sourceTree = "<group>"; };
		2D6AFE4F1C34BBF2006AB030 /* Base */ = {isa = PBXFileReference; lastKnownFileType = file.storyboard; name = Base; path = Base.lproj/Main.storyboard; sourceTree = "<group>"; };
		2D6AFE561C34BC12006AB030 /* Info.plist */ = {isa = PBXFileReference; fileEncoding = 4; lastKnownFileType = text.plist.xml; path = Info.plist; sourceTree = "<group>"; };
		2D6AFE581C34BC12006AB030 /* Telecom.xcdatamodel */ = {isa = PBXFileReference; lastKnownFileType = wrapper.xcdatamodel; path = Telecom.xcdatamodel; sourceTree = "<group>"; };
		2DA8CCD01C212BBA002343EB /* Telecom.app */ = {isa = PBXFileReference; explicitFileType = wrapper.application; includeInIndex = 0; path = Telecom.app; sourceTree = BUILT_PRODUCTS_DIR; };
		2DA8CCDD1C212BBA002343EB /* Assets.xcassets */ = {isa = PBXFileReference; lastKnownFileType = folder.assetcatalog; path = Assets.xcassets; sourceTree = "<group>"; };
		2DA8CCE71C212BBB002343EB /* TelecomTests.xctest */ = {isa = PBXFileReference; explicitFileType = wrapper.cfbundle; includeInIndex = 0; path = TelecomTests.xctest; sourceTree = BUILT_PRODUCTS_DIR; };
		2DA8CCEB1C212BBB002343EB /* TelecomTests.swift */ = {isa = PBXFileReference; lastKnownFileType = sourcecode.swift; path = TelecomTests.swift; sourceTree = "<group>"; };
		2DA8CCED1C212BBB002343EB /* Info.plist */ = {isa = PBXFileReference; lastKnownFileType = text.plist.xml; path = Info.plist; sourceTree = "<group>"; };
		2DA8CCF21C212BBB002343EB /* TelecomUITests.xctest */ = {isa = PBXFileReference; explicitFileType = wrapper.cfbundle; includeInIndex = 0; path = TelecomUITests.xctest; sourceTree = BUILT_PRODUCTS_DIR; };
		2DA8CCF61C212BBB002343EB /* TelecomUITests.swift */ = {isa = PBXFileReference; lastKnownFileType = sourcecode.swift; path = TelecomUITests.swift; sourceTree = "<group>"; };
		2DA8CCF81C212BBB002343EB /* Info.plist */ = {isa = PBXFileReference; lastKnownFileType = text.plist.xml; path = Info.plist; sourceTree = "<group>"; };
		2DA8CD051C21327C002343EB /* 登陆界面320-480.png */ = {isa = PBXFileReference; lastKnownFileType = image.png; path = "登陆界面320-480.png"; sourceTree = "<group>"; };
		2DA8CD061C21327C002343EB /* 登陆界面5.25-1.png */ = {isa = PBXFileReference; lastKnownFileType = image.png; path = "登陆界面5.25-1.png"; sourceTree = "<group>"; };
		2DA8CD071C21327C002343EB /* 登陆界面5.25.png */ = {isa = PBXFileReference; lastKnownFileType = image.png; path = "登陆界面5.25.png"; sourceTree = "<group>"; };
		2DA8CD081C21327C002343EB /* 登陆界面640-960-1.png */ = {isa = PBXFileReference; lastKnownFileType = image.png; path = "登陆界面640-960-1.png"; sourceTree = "<group>"; };
		2DA8CD091C21327C002343EB /* 登陆界面640-960.png */ = {isa = PBXFileReference; lastKnownFileType = image.png; path = "登陆界面640-960.png"; sourceTree = "<group>"; };
/* End PBXFileReference section */

/* Begin PBXFrameworksBuildPhase section */
		2DA8CCCD1C212BBA002343EB /* Frameworks */ = {
			isa = PBXFrameworksBuildPhase;
			buildActionMask = 2147483647;
			files = (
			);
			runOnlyForDeploymentPostprocessing = 0;
		};
		2DA8CCE41C212BBB002343EB /* Frameworks */ = {
			isa = PBXFrameworksBuildPhase;
			buildActionMask = 2147483647;
			files = (
			);
			runOnlyForDeploymentPostprocessing = 0;
		};
		2DA8CCEF1C212BBB002343EB /* Frameworks */ = {
			isa = PBXFrameworksBuildPhase;
			buildActionMask = 2147483647;
			files = (
			);
			runOnlyForDeploymentPostprocessing = 0;
		};
/* End PBXFrameworksBuildPhase section */

/* Begin PBXGroup section */
		2D6AFE421C34BB9B006AB030 /* AppDelegate */ = {
			isa = PBXGroup;
			children = (
				2D6AFE431C34BB9B006AB030 /* AppDelegate.swift */,
			);
			path = AppDelegate;
			sourceTree = "<group>";
		};
		2D6AFE451C34BBA7006AB030 /* Daily */ = {
			isa = PBXGroup;
			children = (
			);
			path = Daily;
			sourceTree = "<group>";
		};
		2D6AFE461C34BBAF006AB030 /* Home */ = {
			isa = PBXGroup;
			children = (
			);
			path = Home;
			sourceTree = "<group>";
		};
		2D6AFE481C34BBD8006AB030 /* Task */ = {
			isa = PBXGroup;
			children = (
			);
			path = Task;
			sourceTree = "<group>";
		};
		2D6AFE491C34BBE0006AB030 /* Nearby */ = {
			isa = PBXGroup;
			children = (
			);
			path = Nearby;
			sourceTree = "<group>";
		};
		2D6AFE4A1C34BBEA006AB030 /* Infomation */ = {
			isa = PBXGroup;
			children = (
			);
			path = Infomation;
			sourceTree = "<group>";
		};
		2D6AFE4B1C34BBF2006AB030 /* StoryBoard */ = {
			isa = PBXGroup;
			children = (
				2D6AFE4C1C34BBF2006AB030 /* LaunchScreen.storyboard */,
				2D6AFE4E1C34BBF2006AB030 /* Main.storyboard */,
			);
			path = StoryBoard;
			sourceTree = "<group>";
		};
		2D6AFE521C34BBF9006AB030 /* FrameworkSys */ = {
			isa = PBXGroup;
			children = (
			);
			path = FrameworkSys;
			sourceTree = "<group>";
		};
		2D6AFE531C34BC01006AB030 /* FrameworkThird */ = {
			isa = PBXGroup;
			children = (
			);
			path = FrameworkThird;
			sourceTree = "<group>";
		};
		2D6AFE541C34BC12006AB030 /* Other */ = {
			isa = PBXGroup;
			children = (
				2D6AFE551C34BC12006AB030 /* SysFile */,
			);
			path = Other;
			sourceTree = "<group>";
		};
		2D6AFE551C34BC12006AB030 /* SysFile */ = {
			isa = PBXGroup;
			children = (
				2D6AFE561C34BC12006AB030 /* Info.plist */,
				2D6AFE571C34BC12006AB030 /* Telecom.xcdatamodeld */,
			);
			path = SysFile;
			sourceTree = "<group>";
		};
		2D6AFE5B1C34BC1C006AB030 /* Util */ = {
			isa = PBXGroup;
			children = (
			);
			path = Util;
			sourceTree = "<group>";
		};
		2DA8CCC71C212BBA002343EB = {
			isa = PBXGroup;
			children = (
				2DA8CCD21C212BBA002343EB /* Telecom */,
				2DA8CCEA1C212BBB002343EB /* TelecomTests */,
				2DA8CCF51C212BBB002343EB /* TelecomUITests */,
				2DA8CCD11C212BBA002343EB /* Products */,
			);
			sourceTree = "<group>";
		};
		2DA8CCD11C212BBA002343EB /* Products */ = {
			isa = PBXGroup;
			children = (
				2DA8CCD01C212BBA002343EB /* Telecom.app */,
				2DA8CCE71C212BBB002343EB /* TelecomTests.xctest */,
				2DA8CCF21C212BBB002343EB /* TelecomUITests.xctest */,
			);
			name = Products;
			sourceTree = "<group>";
		};
		2DA8CCD21C212BBA002343EB /* Telecom */ = {
			isa = PBXGroup;
			children = (
				2D6AFE5B1C34BC1C006AB030 /* Util */,
				2D6AFE541C34BC12006AB030 /* Other */,
				2D6AFE531C34BC01006AB030 /* FrameworkThird */,
				2D6AFE521C34BBF9006AB030 /* FrameworkSys */,
				2D6AFE4B1C34BBF2006AB030 /* StoryBoard */,
				2D6AFE4A1C34BBEA006AB030 /* Infomation */,
				2D6AFE491C34BBE0006AB030 /* Nearby */,
				2D6AFE481C34BBD8006AB030 /* Task */,
				2D6AFE421C34BB9B006AB030 /* AppDelegate */,
				2DA8CCDD1C212BBA002343EB /* Assets.xcassets */,
				2D6AFE461C34BBAF006AB030 /* Home */,
				2D6AFE451C34BBA7006AB030 /* Daily */,
				2DA8CD041C21327C002343EB /* AppLaunchImage */,
			);
			path = Telecom;
			sourceTree = "<group>";
		};
		2DA8CCEA1C212BBB002343EB /* TelecomTests */ = {
			isa = PBXGroup;
			children = (
				2DA8CCEB1C212BBB002343EB /* TelecomTests.swift */,
				2DA8CCED1C212BBB002343EB /* Info.plist */,
			);
			path = TelecomTests;
			sourceTree = "<group>";
		};
		2DA8CCF51C212BBB002343EB /* TelecomUITests */ = {
			isa = PBXGroup;
			children = (
				2DA8CCF61C212BBB002343EB /* TelecomUITests.swift */,
				2DA8CCF81C212BBB002343EB /* Info.plist */,
			);
			path = TelecomUITests;
			sourceTree = "<group>";
		};
		2DA8CD041C21327C002343EB /* AppLaunchImage */ = {
			isa = PBXGroup;
			children = (
				2DA8CD051C21327C002343EB /* 登陆界面320-480.png */,
				2DA8CD061C21327C002343EB /* 登陆界面5.25-1.png */,
				2DA8CD071C21327C002343EB /* 登陆界面5.25.png */,
				2DA8CD081C21327C002343EB /* 登陆界面640-960-1.png */,
				2DA8CD091C21327C002343EB /* 登陆界面640-960.png */,
			);
			path = AppLaunchImage;
			sourceTree = "<group>";
		};
/* End PBXGroup section */

/* Begin PBXNativeTarget section */
		2DA8CCCF1C212BBA002343EB /* Telecom */ = {
			isa = PBXNativeTarget;
			buildConfigurationList = 2DA8CCFB1C212BBB002343EB /* Build configuration list for PBXNativeTarget "Telecom" */;
			buildPhases = (
				2DA8CCCC1C212BBA002343EB /* Sources */,
				2DA8CCCD1C212BBA002343EB /* Frameworks */,
				2DA8CCCE1C212BBA002343EB /* Resources */,
			);
			buildRules = (
			);
			dependencies = (
			);
			name = Telecom;
			productName = Telecom;
			productReference = 2DA8CCD01C212BBA002343EB /* Telecom.app */;
			productType = "com.apple.product-type.application";
		};
		2DA8CCE61C212BBB002343EB /* TelecomTests */ = {
			isa = PBXNativeTarget;
			buildConfigurationList = 2DA8CCFE1C212BBB002343EB /* Build configuration list for PBXNativeTarget "TelecomTests" */;
			buildPhases = (
				2DA8CCE31C212BBB002343EB /* Sources */,
				2DA8CCE41C212BBB002343EB /* Frameworks */,
				2DA8CCE51C212BBB002343EB /* Resources */,
			);
			buildRules = (
			);
			dependencies = (
				2DA8CCE91C212BBB002343EB /* PBXTargetDependency */,
			);
			name = TelecomTests;
			productName = TelecomTests;
			productReference = 2DA8CCE71C212BBB002343EB /* TelecomTests.xctest */;
			productType = "com.apple.product-type.bundle.unit-test";
		};
		2DA8CCF11C212BBB002343EB /* TelecomUITests */ = {
			isa = PBXNativeTarget;
			buildConfigurationList = 2DA8CD011C212BBB002343EB /* Build configuration list for PBXNativeTarget "TelecomUITests" */;
			buildPhases = (
				2DA8CCEE1C212BBB002343EB /* Sources */,
				2DA8CCEF1C212BBB002343EB /* Frameworks */,
				2DA8CCF01C212BBB002343EB /* Resources */,
			);
			buildRules = (
			);
			dependencies = (
				2DA8CCF41C212BBB002343EB /* PBXTargetDependency */,
			);
			name = TelecomUITests;
			productName = TelecomUITests;
			productReference = 2DA8CCF21C212BBB002343EB /* TelecomUITests.xctest */;
			productType = "com.apple.product-type.bundle.ui-testing";
		};
/* End PBXNativeTarget section */

/* Begin PBXProject section */
		2DA8CCC81C212BBA002343EB /* Project object */ = {
			isa = PBXProject;
			attributes = {
				LastSwiftUpdateCheck = 0720;
				LastUpgradeCheck = 0720;
				ORGANIZATIONNAME = guanghua;
				TargetAttributes = {
					2DA8CCCF1C212BBA002343EB = {
						CreatedOnToolsVersion = 7.2;
						DevelopmentTeam = 8DJVMG37WW;
					};
					2DA8CCE61C212BBB002343EB = {
						CreatedOnToolsVersion = 7.2;
						TestTargetID = 2DA8CCCF1C212BBA002343EB;
					};
					2DA8CCF11C212BBB002343EB = {
						CreatedOnToolsVersion = 7.2;
						TestTargetID = 2DA8CCCF1C212BBA002343EB;
					};
				};
			};
			buildConfigurationList = 2DA8CCCB1C212BBA002343EB /* Build configuration list for PBXProject "Telecom" */;
			compatibilityVersion = "Xcode 3.2";
			developmentRegion = English;
			hasScannedForEncodings = 0;
			knownRegions = (
				en,
				Base,
			);
			mainGroup = 2DA8CCC71C212BBA002343EB;
			productRefGroup = 2DA8CCD11C212BBA002343EB /* Products */;
			projectDirPath = "";
			projectRoot = "";
			targets = (
				2DA8CCCF1C212BBA002343EB /* Telecom */,
				2DA8CCE61C212BBB002343EB /* TelecomTests */,
				2DA8CCF11C212BBB002343EB /* TelecomUITests */,
			);
		};
/* End PBXProject section */

/* Begin PBXResourcesBuildPhase section */
		2DA8CCCE1C212BBA002343EB /* Resources */ = {
			isa = PBXResourcesBuildPhase;
			buildActionMask = 2147483647;
			files = (
				2DA8CD0D1C21327C002343EB /* 登陆界面640-960-1.png in Resources */,
				2DA8CCDE1C212BBA002343EB /* Assets.xcassets in Resources */,
				2D6AFE591C34BC12006AB030 /* Info.plist in Resources */,
				2DA8CD0A1C21327C002343EB /* 登陆界面320-480.png in Resources */,
				2D6AFE511C34BBF2006AB030 /* Main.storyboard in Resources */,
				2DA8CD0C1C21327C002343EB /* 登陆界面5.25.png in Resources */,
				2D6AFE501C34BBF2006AB030 /* LaunchScreen.storyboard in Resources */,
				2DA8CD0B1C21327C002343EB /* 登陆界面5.25-1.png in Resources */,
				2DA8CD0E1C21327C002343EB /* 登陆界面640-960.png in Resources */,
			);
			runOnlyForDeploymentPostprocessing = 0;
		};
		2DA8CCE51C212BBB002343EB /* Resources */ = {
			isa = PBXResourcesBuildPhase;
			buildActionMask = 2147483647;
			files = (
			);
			runOnlyForDeploymentPostprocessing = 0;
		};
		2DA8CCF01C212BBB002343EB /* Resources */ = {
			isa = PBXResourcesBuildPhase;
			buildActionMask = 2147483647;
			files = (
			);
			runOnlyForDeploymentPostprocessing = 0;
		};
/* End PBXResourcesBuildPhase section */

/* Begin PBXSourcesBuildPhase section */
		2DA8CCCC1C212BBA002343EB /* Sources */ = {
			isa = PBXSourcesBuildPhase;
			buildActionMask = 2147483647;
			files = (
				2D6AFE441C34BB9B006AB030 /* AppDelegate.swift in Sources */,
				2D6AFE5A1C34BC12006AB030 /* Telecom.xcdatamodeld in Sources */,
			);
			runOnlyForDeploymentPostprocessing = 0;
		};
		2DA8CCE31C212BBB002343EB /* Sources */ = {
			isa = PBXSourcesBuildPhase;
			buildActionMask = 2147483647;
			files = (
				2DA8CCEC1C212BBB002343EB /* TelecomTests.swift in Sources */,
			);
			runOnlyForDeploymentPostprocessing = 0;
		};
		2DA8CCEE1C212BBB002343EB /* Sources */ = {
			isa = PBXSourcesBuildPhase;
			buildActionMask = 2147483647;
			files = (
				2DA8CCF71C212BBB002343EB /* TelecomUITests.swift in Sources */,
			);
			runOnlyForDeploymentPostprocessing = 0;
		};
/* End PBXSourcesBuildPhase section */

/* Begin PBXTargetDependency section */
		2DA8CCE91C212BBB002343EB /* PBXTargetDependency */ = {
			isa = PBXTargetDependency;
			target = 2DA8CCCF1C212BBA002343EB /* Telecom */;
			targetProxy = 2DA8CCE81C212BBB002343EB /* PBXContainerItemProxy */;
		};
		2DA8CCF41C212BBB002343EB /* PBXTargetDependency */ = {
			isa = PBXTargetDependency;
			target = 2DA8CCCF1C212BBA002343EB /* Telecom */;
			targetProxy = 2DA8CCF31C212BBB002343EB /* PBXContainerItemProxy */;
		};
/* End PBXTargetDependency section */

/* Begin PBXVariantGroup section */
		2D6AFE4C1C34BBF2006AB030 /* LaunchScreen.storyboard */ = {
			isa = PBXVariantGroup;
			children = (
				2D6AFE4D1C34BBF2006AB030 /* Base */,
			);
			name = LaunchScreen.storyboard;
			sourceTree = "<group>";
		};
		2D6AFE4E1C34BBF2006AB030 /* Main.storyboard */ = {
			isa = PBXVariantGroup;
			children = (
				2D6AFE4F1C34BBF2006AB030 /* Base */,
			);
			name = Main.storyboard;
			sourceTree = "<group>";
		};
/* End PBXVariantGroup section */

/* Begin XCBuildConfiguration section */
		2DA8CCF91C212BBB002343EB /* Debug */ = {
			isa = XCBuildConfiguration;
			buildSettings = {
				ALWAYS_SEARCH_USER_PATHS = NO;
				CLANG_CXX_LANGUAGE_STANDARD = "gnu++0x";
				CLANG_CXX_LIBRARY = "libc++";
				CLANG_ENABLE_MODULES = YES;
				CLANG_ENABLE_OBJC_ARC = YES;
				CLANG_WARN_BOOL_CONVERSION = YES;
				CLANG_WARN_CONSTANT_CONVERSION = YES;
				CLANG_WARN_DIRECT_OBJC_ISA_USAGE = YES_ERROR;
				CLANG_WARN_EMPTY_BODY = YES;
				CLANG_WARN_ENUM_CONVERSION = YES;
				CLANG_WARN_INT_CONVERSION = YES;
				CLANG_WARN_OBJC_ROOT_CLASS = YES_ERROR;
				CLANG_WARN_UNREACHABLE_CODE = YES;
				CLANG_WARN__DUPLICATE_METHOD_MATCH = YES;
				"CODE_SIGN_IDENTITY[sdk=iphoneos*]" = "iPhone Developer";
				COPY_PHASE_STRIP = NO;
				DEBUG_INFORMATION_FORMAT = dwarf;
				ENABLE_STRICT_OBJC_MSGSEND = YES;
				ENABLE_TESTABILITY = YES;
				GCC_C_LANGUAGE_STANDARD = gnu99;
				GCC_DYNAMIC_NO_PIC = NO;
				GCC_NO_COMMON_BLOCKS = YES;
				GCC_OPTIMIZATION_LEVEL = 0;
				GCC_PREPROCESSOR_DEFINITIONS = (
					"DEBUG=1",
					"$(inherited)",
				);
				GCC_WARN_64_TO_32_BIT_CONVERSION = YES;
				GCC_WARN_ABOUT_RETURN_TYPE = YES_ERROR;
				GCC_WARN_UNDECLARED_SELECTOR = YES;
				GCC_WARN_UNINITIALIZED_AUTOS = YES_AGGRESSIVE;
				GCC_WARN_UNUSED_FUNCTION = YES;
				GCC_WARN_UNUSED_VARIABLE = YES;
				IPHONEOS_DEPLOYMENT_TARGET = 9.2;
				MTL_ENABLE_DEBUG_INFO = YES;
				ONLY_ACTIVE_ARCH = YES;
				SDKROOT = iphoneos;
				SWIFT_OPTIMIZATION_LEVEL = "-Onone";
				TARGETED_DEVICE_FAMILY = "1,2";
			};
			name = Debug;
		};
		2DA8CCFA1C212BBB002343EB /* Release */ = {
			isa = XCBuildConfiguration;
			buildSettings = {
				ALWAYS_SEARCH_USER_PATHS = NO;
				CLANG_CXX_LANGUAGE_STANDARD = "gnu++0x";
				CLANG_CXX_LIBRARY = "libc++";
				CLANG_ENABLE_MODULES = YES;
				CLANG_ENABLE_OBJC_ARC = YES;
				CLANG_WARN_BOOL_CONVERSION = YES;
				CLANG_WARN_CONSTANT_CONVERSION = YES;
				CLANG_WARN_DIRECT_OBJC_ISA_USAGE = YES_ERROR;
				CLANG_WARN_EMPTY_BODY = YES;
				CLANG_WARN_ENUM_CONVERSION = YES;
				CLANG_WARN_INT_CONVERSION = YES;
				CLANG_WARN_OBJC_ROOT_CLASS = YES_ERROR;
				CLANG_WARN_UNREACHABLE_CODE = YES;
				CLANG_WARN__DUPLICATE_METHOD_MATCH = YES;
				"CODE_SIGN_IDENTITY[sdk=iphoneos*]" = "iPhone Developer";
				COPY_PHASE_STRIP = NO;
				DEBUG_INFORMATION_FORMAT = "dwarf-with-dsym";
				ENABLE_NS_ASSERTIONS = NO;
				ENABLE_STRICT_OBJC_MSGSEND = YES;
				GCC_C_LANGUAGE_STANDARD = gnu99;
				GCC_NO_COMMON_BLOCKS = YES;
				GCC_WARN_64_TO_32_BIT_CONVERSION = YES;
				GCC_WARN_ABOUT_RETURN_TYPE = YES_ERROR;
				GCC_WARN_UNDECLARED_SELECTOR = YES;
				GCC_WARN_UNINITIALIZED_AUTOS = YES_AGGRESSIVE;
				GCC_WARN_UNUSED_FUNCTION = YES;
				GCC_WARN_UNUSED_VARIABLE = YES;
				IPHONEOS_DEPLOYMENT_TARGET = 9.2;
				MTL_ENABLE_DEBUG_INFO = NO;
				SDKROOT = iphoneos;
				TARGETED_DEVICE_FAMILY = "1,2";
				VALIDATE_PRODUCT = YES;
			};
			name = Release;
		};
		2DA8CCFC1C212BBB002343EB /* Debug */ = {
			isa = XCBuildConfiguration;
			buildSettings = {
				ASSETCATALOG_COMPILER_APPICON_NAME = AppIcon;
				CODE_SIGN_IDENTITY = "iPhone Developer";
				"CODE_SIGN_IDENTITY[sdk=iphoneos*]" = "iPhone Developer: Peng Xiaofeng (6ZLNQ9A459)";
				INFOPLIST_FILE = Telecom/Other/SysFile/Info.plist;
				IPHONEOS_DEPLOYMENT_TARGET = 7.0;
				LD_RUNPATH_SEARCH_PATHS = "$(inherited) @executable_path/Frameworks";
				PRODUCT_BUNDLE_IDENTIFIER = com.guanghua.Telecom;
				PRODUCT_NAME = "$(TARGET_NAME)";
				PROVISIONING_PROFILE = "d3a64517-eac9-4e21-b151-d502012def15";
			};
			name = Debug;
		};
		2DA8CCFD1C212BBB002343EB /* Release */ = {
			isa = XCBuildConfiguration;
			buildSettings = {
				ASSETCATALOG_COMPILER_APPICON_NAME = AppIcon;
				CODE_SIGN_IDENTITY = "iPhone Developer";
				"CODE_SIGN_IDENTITY[sdk=iphoneos*]" = "iPhone Developer: Peng Xiaofeng (6ZLNQ9A459)";
				INFOPLIST_FILE = Telecom/Other/SysFile/Info.plist;
				IPHONEOS_DEPLOYMENT_TARGET = 7.0;
				LD_RUNPATH_SEARCH_PATHS = "$(inherited) @executable_path/Frameworks";
				PRODUCT_BUNDLE_IDENTIFIER = com.guanghua.Telecom;
				PRODUCT_NAME = "$(TARGET_NAME)";
				PROVISIONING_PROFILE = "d3a64517-eac9-4e21-b151-d502012def15";
			};
			name = Release;
		};
		2DA8CCFF1C212BBB002343EB /* Debug */ = {
			isa = XCBuildConfiguration;
			buildSettings = {
				BUNDLE_LOADER = "$(TEST_HOST)";
				INFOPLIST_FILE = TelecomTests/Info.plist;
				LD_RUNPATH_SEARCH_PATHS = "$(inherited) @executable_path/Frameworks @loader_path/Frameworks";
				PRODUCT_BUNDLE_IDENTIFIER = com.guanghua.TelecomTests;
				PRODUCT_NAME = "$(TARGET_NAME)";
				TEST_HOST = "$(BUILT_PRODUCTS_DIR)/Telecom.app/Telecom";
			};
			name = Debug;
		};
		2DA8CD001C212BBB002343EB /* Release */ = {
			isa = XCBuildConfiguration;
			buildSettings = {
				BUNDLE_LOADER = "$(TEST_HOST)";
				INFOPLIST_FILE = TelecomTests/Info.plist;
				LD_RUNPATH_SEARCH_PATHS = "$(inherited) @executable_path/Frameworks @loader_path/Frameworks";
				PRODUCT_BUNDLE_IDENTIFIER = com.guanghua.TelecomTests;
				PRODUCT_NAME = "$(TARGET_NAME)";
				TEST_HOST = "$(BUILT_PRODUCTS_DIR)/Telecom.app/Telecom";
			};
			name = Release;
		};
		2DA8CD021C212BBB002343EB /* Debug */ = {
			isa = XCBuildConfiguration;
			buildSettings = {
				INFOPLIST_FILE = TelecomUITests/Info.plist;
				LD_RUNPATH_SEARCH_PATHS = "$(inherited) @executable_path/Frameworks @loader_path/Frameworks";
				PRODUCT_BUNDLE_IDENTIFIER = com.guanghua.TelecomUITests;
				PRODUCT_NAME = "$(TARGET_NAME)";
				TEST_TARGET_NAME = Telecom;
				USES_XCTRUNNER = YES;
			};
			name = Debug;
		};
		2DA8CD031C212BBB002343EB /* Release */ = {
			isa = XCBuildConfiguration;
			buildSettings = {
				INFOPLIST_FILE = TelecomUITests/Info.plist;
				LD_RUNPATH_SEARCH_PATHS = "$(inherited) @executable_path/Frameworks @loader_path/Frameworks";
				PRODUCT_BUNDLE_IDENTIFIER = com.guanghua.TelecomUITests;
				PRODUCT_NAME = "$(TARGET_NAME)";
				TEST_TARGET_NAME = Telecom;
				USES_XCTRUNNER = YES;
			};
			name = Release;
		};
/* End XCBuildConfiguration section */

/* Begin XCConfigurationList section */
		2DA8CCCB1C212BBA002343EB /* Build configuration list for PBXProject "Telecom" */ = {
			isa = XCConfigurationList;
			buildConfigurations = (
				2DA8CCF91C212BBB002343EB /* Debug */,
				2DA8CCFA1C212BBB002343EB /* Release */,
			);
			defaultConfigurationIsVisible = 0;
			defaultConfigurationName = Release;
		};
		2DA8CCFB1C212BBB002343EB /* Build configuration list for PBXNativeTarget "Telecom" */ = {
			isa = XCConfigurationList;
			buildConfigurations = (
				2DA8CCFC1C212BBB002343EB /* Debug */,
				2DA8CCFD1C212BBB002343EB /* Release */,
			);
			defaultConfigurationIsVisible = 0;
			defaultConfigurationName = Release;
		};
		2DA8CCFE1C212BBB002343EB /* Build configuration list for PBXNativeTarget "TelecomTests" */ = {
			isa = XCConfigurationList;
			buildConfigurations = (
				2DA8CCFF1C212BBB002343EB /* Debug */,
				2DA8CD001C212BBB002343EB /* Release */,
			);
			defaultConfigurationIsVisible = 0;
			defaultConfigurationName = Release;
		};
		2DA8CD011C212BBB002343EB /* Build configuration list for PBXNativeTarget "TelecomUITests" */ = {
			isa = XCConfigurationList;
			buildConfigurations = (
				2DA8CD021C212BBB002343EB /* Debug */,
				2DA8CD031C212BBB002343EB /* Release */,
			);
			defaultConfigurationIsVisible = 0;
			defaultConfigurationName = Release;
		};
/* End XCConfigurationList section */

/* Begin XCVersionGroup section */
		2D6AFE571C34BC12006AB030 /* Telecom.xcdatamodeld */ = {
			isa = XCVersionGroup;
			children = (
				2D6AFE581C34BC12006AB030 /* Telecom.xcdatamodel */,
			);
			currentVersion = 2D6AFE581C34BC12006AB030 /* Telecom.xcdatamodel */;
			path = Telecom.xcdatamodeld;
			sourceTree = "<group>";
			versionGroupType = wrapper.xcdatamodel;
		};
/* End XCVersionGroup section */
	};
	rootObject = 2DA8CCC81C212BBA002343EB /* Project object */;
}
